
Microsoft Visual Studio Solution File, Format Version 12.00
# Visual Studio Version 17
VisualStudioVersion = 17.8.34309.116
MinimumVisualStudioVersion = 10.0.40219.1
Project("{FAE04EC0-301F-11D3-BF4B-00C04F79EFBC}") = "EF_Practise", "EF_Practise\EF_Practise.csproj", "{DB755DD5-E18C-4DFE-8DA1-10B007747746}"
EndProject
Global
	GlobalSection(SolutionConfigurationPlatforms) = preSolution
		Debug|Any CPU = Debug|Any CPU
		Release|Any CPU = Release|Any CPU
	EndGlobalSection
	GlobalSection(ProjectConfigurationPlatforms) = postSolution
		{DB755DD5-E18C-4DFE-8DA1-10B007747746}.Debug|Any CPU.ActiveCfg = Debug|Any CPU
		{DB755DD5-E18C-4DFE-8DA1-10B007747746}.Debug|Any CPU.Build.0 = Debug|Any CPU
		{DB755DD5-E18C-4DFE-8DA1-10B007747746}.Release|Any CPU.ActiveCfg = Release|Any CPU
		{DB755DD5-E18C-4DFE-8DA1-10B007747746}.Release|Any CPU.Build.0 = Release|Any CPU
	EndGlobalSection
	GlobalSection(SolutionProperties) = preSolution
		HideSolutionNode = FALSE
	EndGlobalSection
	GlobalSection(ExtensibilityGlobals) = postSolution
		SolutionGuid = {AB30D9E8-43C3-469E-8465-4A2ADE55617D}
	EndGlobalSection
EndGlobal
